
Microsoft Visual Studio Solution File, Format Version 12.00
# Visual Studio 14
VisualStudioVersion = 14.0.24720.0
MinimumVisualStudioVersion = 10.0.40219.1
Project("{FAE04EC0-301F-11D3-BF4B-00C04F79EFBC}") = "Manager.IntegrationTest.Console.Host", "Manager.Integration.Tests.Console.Host\Manager.IntegrationTest.Console.Host.csproj", "{8FC65E40-C783-48D2-9B50-BAF7A7EC8298}"
EndProject
Project("{FAE04EC0-301F-11D3-BF4B-00C04F79EFBC}") = "Manager.Integration.Test", "Manager.Integration.Test\Manager.Integration.Test.csproj", "{B826FD46-436A-4EA9-BFB9-7BAAE271BC55}"
EndProject
Project("{FAE04EC0-301F-11D3-BF4B-00C04F79EFBC}") = "Manager.Integration.Test.WPF", "Manager.Integration.Test.WPF\Manager.Integration.Test.WPF.csproj", "{43082828-3D79-483F-ABF8-9994B4B44FFF}"
EndProject
Global
	GlobalSection(SolutionConfigurationPlatforms) = preSolution
		Debug|Any CPU = Debug|Any CPU
		Release|Any CPU = Release|Any CPU
	EndGlobalSection
	GlobalSection(ProjectConfigurationPlatforms) = postSolution
		{8FC65E40-C783-48D2-9B50-BAF7A7EC8298}.Debug|Any CPU.ActiveCfg = Debug|Any CPU
		{8FC65E40-C783-48D2-9B50-BAF7A7EC8298}.Debug|Any CPU.Build.0 = Debug|Any CPU
		{8FC65E40-C783-48D2-9B50-BAF7A7EC8298}.Release|Any CPU.ActiveCfg = Release|Any CPU
		{8FC65E40-C783-48D2-9B50-BAF7A7EC8298}.Release|Any CPU.Build.0 = Release|Any CPU
		{B826FD46-436A-4EA9-BFB9-7BAAE271BC55}.Debug|Any CPU.ActiveCfg = Debug|Any CPU
		{B826FD46-436A-4EA9-BFB9-7BAAE271BC55}.Debug|Any CPU.Build.0 = Debug|Any CPU
		{B826FD46-436A-4EA9-BFB9-7BAAE271BC55}.Release|Any CPU.ActiveCfg = Release|Any CPU
		{B826FD46-436A-4EA9-BFB9-7BAAE271BC55}.Release|Any CPU.Build.0 = Release|Any CPU
		{43082828-3D79-483F-ABF8-9994B4B44FFF}.Debug|Any CPU.ActiveCfg = Debug|Any CPU
		{43082828-3D79-483F-ABF8-9994B4B44FFF}.Debug|Any CPU.Build.0 = Debug|Any CPU
		{43082828-3D79-483F-ABF8-9994B4B44FFF}.Release|Any CPU.ActiveCfg = Release|Any CPU
		{43082828-3D79-483F-ABF8-9994B4B44FFF}.Release|Any CPU.Build.0 = Release|Any CPU
	EndGlobalSection
	GlobalSection(SolutionProperties) = preSolution
		HideSolutionNode = FALSE
	EndGlobalSection
EndGlobal
