
Microsoft Visual Studio Solution File, Format Version 12.00
# Visual Studio 2012
Project("{FAE04EC0-301F-11D3-BF4B-00C04F79EFBC}") = "Teleopti.Runtime.Environment", "Teleopti.Runtime.Environment\Teleopti.Runtime.Environment\Teleopti.Runtime.Environment.csproj", "{83D40812-9E6A-4EF1-B84F-11BC203283EF}"
EndProject
Project("{FAE04EC0-301F-11D3-BF4B-00C04F79EFBC}") = "Teleopti.Runtime.TestServer", "Teleopti.Runtime.Environment\Teleopti.Runtime.TestServer\Teleopti.Runtime.TestServer.csproj", "{65BEE818-D800-4699-8FC5-8F31E4E2A31A}"
EndProject
Project("{2150E333-8FDC-42A3-9474-1A3956D46DE8}") = ".nuget", ".nuget", "{89901570-771C-46E3-9AE6-3AD0234B853A}"
	ProjectSection(SolutionItems) = preProject
		.nuget\packages.config = .nuget\packages.config
	EndProjectSection
EndProject
Global
	GlobalSection(SolutionConfigurationPlatforms) = preSolution
		Debug|Any CPU = Debug|Any CPU
		Release|Any CPU = Release|Any CPU
	EndGlobalSection
	GlobalSection(ProjectConfigurationPlatforms) = postSolution
		{83D40812-9E6A-4EF1-B84F-11BC203283EF}.Debug|Any CPU.ActiveCfg = Debug|Any CPU
		{83D40812-9E6A-4EF1-B84F-11BC203283EF}.Debug|Any CPU.Build.0 = Debug|Any CPU
		{83D40812-9E6A-4EF1-B84F-11BC203283EF}.Release|Any CPU.ActiveCfg = Release|Any CPU
		{83D40812-9E6A-4EF1-B84F-11BC203283EF}.Release|Any CPU.Build.0 = Release|Any CPU
		{65BEE818-D800-4699-8FC5-8F31E4E2A31A}.Debug|Any CPU.ActiveCfg = Debug|Any CPU
		{65BEE818-D800-4699-8FC5-8F31E4E2A31A}.Debug|Any CPU.Build.0 = Debug|Any CPU
		{65BEE818-D800-4699-8FC5-8F31E4E2A31A}.Release|Any CPU.ActiveCfg = Release|Any CPU
		{65BEE818-D800-4699-8FC5-8F31E4E2A31A}.Release|Any CPU.Build.0 = Release|Any CPU
	EndGlobalSection
	GlobalSection(SolutionProperties) = preSolution
		HideSolutionNode = FALSE
	EndGlobalSection
EndGlobal
