
Microsoft Visual Studio Solution File, Format Version 12.00
# Visual Studio 2013
VisualStudioVersion = 12.0.21005.1
MinimumVisualStudioVersion = 10.0.40219.1
Project("{FAE04EC0-301F-11D3-BF4B-00C04F79EFBC}") = "Stardust.Manager", "Manager\Stardust.Manager.csproj", "{7BF4E937-F4AD-4B2E-BBC2-96AC56765B7D}"
EndProject
Project("{FAE04EC0-301F-11D3-BF4B-00C04F79EFBC}") = "ManagerTest", "ManagerTest\ManagerTest.csproj", "{FD3D1B9B-2573-46C2-B699-73E0F119581D}"
EndProject
Project("{2150E333-8FDC-42A3-9474-1A3956D46DE8}") = ".nuget", ".nuget", "{6CDAEBF1-CA3A-46EF-87D1-3B17DEF7FE36}"
	ProjectSection(SolutionItems) = preProject
		.nuget\NuGet.Config = .nuget\NuGet.Config
		.nuget\NuGet.exe = .nuget\NuGet.exe
		.nuget\NuGet.targets = .nuget\NuGet.targets
	EndProjectSection
EndProject
Project("{FAE04EC0-301F-11D3-BF4B-00C04F79EFBC}") = "ManagerConsoleHost", "ManagerConsoleHost\ManagerConsoleHost.csproj", "{489535D5-A3F2-4877-81B7-94ADB7BD320B}"
EndProject
Global
	GlobalSection(SolutionConfigurationPlatforms) = preSolution
		Debug|Any CPU = Debug|Any CPU
		Release|Any CPU = Release|Any CPU
	EndGlobalSection
	GlobalSection(ProjectConfigurationPlatforms) = postSolution
		{7BF4E937-F4AD-4B2E-BBC2-96AC56765B7D}.Debug|Any CPU.ActiveCfg = Debug|Any CPU
		{7BF4E937-F4AD-4B2E-BBC2-96AC56765B7D}.Debug|Any CPU.Build.0 = Debug|Any CPU
		{7BF4E937-F4AD-4B2E-BBC2-96AC56765B7D}.Release|Any CPU.ActiveCfg = Release|Any CPU
		{7BF4E937-F4AD-4B2E-BBC2-96AC56765B7D}.Release|Any CPU.Build.0 = Release|Any CPU
		{FD3D1B9B-2573-46C2-B699-73E0F119581D}.Debug|Any CPU.ActiveCfg = Debug|Any CPU
		{FD3D1B9B-2573-46C2-B699-73E0F119581D}.Debug|Any CPU.Build.0 = Debug|Any CPU
		{FD3D1B9B-2573-46C2-B699-73E0F119581D}.Release|Any CPU.ActiveCfg = Release|Any CPU
		{FD3D1B9B-2573-46C2-B699-73E0F119581D}.Release|Any CPU.Build.0 = Release|Any CPU
		{489535D5-A3F2-4877-81B7-94ADB7BD320B}.Debug|Any CPU.ActiveCfg = Debug|Any CPU
		{489535D5-A3F2-4877-81B7-94ADB7BD320B}.Debug|Any CPU.Build.0 = Debug|Any CPU
		{489535D5-A3F2-4877-81B7-94ADB7BD320B}.Release|Any CPU.ActiveCfg = Release|Any CPU
		{489535D5-A3F2-4877-81B7-94ADB7BD320B}.Release|Any CPU.Build.0 = Release|Any CPU
	EndGlobalSection
	GlobalSection(SolutionProperties) = preSolution
		HideSolutionNode = FALSE
	EndGlobalSection
	GlobalSection(ExtensibilityGlobals) = postSolution
		EnterpriseLibraryConfigurationToolBinariesPathV6 = packages\EnterpriseLibrary.TransientFaultHandling.6.0.1304.0\lib\portable-net45+win+wp8;packages\EnterpriseLibrary.TransientFaultHandling.Data.6.0.1304.1\lib\NET45
	EndGlobalSection
EndGlobal
