
Microsoft Visual Studio Solution File, Format Version 11.00
# Visual Studio 2010
Project("{2150E333-8FDC-42A3-9474-1A3956D46DE8}") = "Scripts", "Scripts", "{810390F8-24FD-4648-8C21-45AEA374B581}"
	ProjectSection(SolutionItems) = preProject
		CodeAnalysisDictionary.xml = CodeAnalysisDictionary.xml
		copyfiles.bat = copyfiles.bat
		CoverageReport.xsl = CoverageReport.xsl
		CruiseControl.FxCop = CruiseControl.FxCop
		SourceMonitorCommands.xml = SourceMonitorCommands.xml
		SourceMonitorSummaryGeneration.xsl = SourceMonitorSummaryGeneration.xsl
	EndProjectSection
EndProject
Project("{FAE04EC0-301F-11D3-BF4B-00C04F79EFBC}") = "Teleopti.Messaging", "Teleopti.Messaging\Teleopti.Messaging.csproj", "{4F4DF171-4A56-4E0D-90CB-CB2AFDEA4411}"
EndProject
Project("{FAE04EC0-301F-11D3-BF4B-00C04F79EFBC}") = "Teleopti.Messaging.Installer", "Teleopti.Messaging.Installer\Teleopti.Messaging.Installer.csproj", "{8ED53285-3B92-4BD9-8F05-F793A6F44006}"
EndProject
Project("{FAE04EC0-301F-11D3-BF4B-00C04F79EFBC}") = "Teleopti.Messaging.Management", "Teleopti.Messaging.Management\Teleopti.Messaging.Management.csproj", "{77F53055-9FD8-489E-B697-5525A40519BE}"
EndProject
Project("{FAE04EC0-301F-11D3-BF4B-00C04F79EFBC}") = "Teleopti.Messaging.Svc", "Teleopti.Messaging.Svc\Teleopti.Messaging.Svc.csproj", "{1F6DBD1D-EDBF-4E2D-93FF-E34BC0000B87}"
EndProject
Project("{FAE04EC0-301F-11D3-BF4B-00C04F79EFBC}") = "Teleopti.Messaging.Tests", "Teleopti.Messaging.Tests\Teleopti.Messaging.Tests.csproj", "{C99A2C75-7342-45EE-BF5F-79A015B81501}"
EndProject
Project("{FAE04EC0-301F-11D3-BF4B-00C04F79EFBC}") = "Teleopti.Messaging.Chat", "Teleopti.Messaging.Chat\Teleopti.Messaging.Chat.csproj", "{569FCE88-6D8E-4873-9B32-223AB549C8EE}"
EndProject
Project("{FAE04EC0-301F-11D3-BF4B-00C04F79EFBC}") = "Teleopti.Caching", "Teleopti.Caching\Teleopti.Caching.csproj", "{8C14D88C-28C4-4E5E-9A61-3F9660F41DC4}"
EndProject
Project("{FAE04EC0-301F-11D3-BF4B-00C04F79EFBC}") = "Teleopti.Logging", "Teleopti.Logging\Teleopti.Logging.csproj", "{CB1C6762-D934-4EC0-9344-E8AA4ABCFAD6}"
EndProject
Project("{FAE04EC0-301F-11D3-BF4B-00C04F79EFBC}") = "Teleopti.Core", "Teleopti.Core\Teleopti.Core.csproj", "{7C03979A-6973-4D71-BF6B-27585CC933B5}"
EndProject
Project("{FAE04EC0-301F-11D3-BF4B-00C04F79EFBC}") = "Teleopti.Interfaces", "Teleopti.Interfaces\Teleopti.Interfaces.csproj", "{8D2565F2-7C44-45B7-96AD-2CD900E033A1}"
EndProject
Global
	GlobalSection(TeamFoundationVersionControl) = preSolution
		SccNumberOfProjects = 11
		SccEnterpriseProvider = {4CA58AB2-18FA-4F8D-95D4-32DDF27D184C}
		SccTeamFoundationServer = http://challenger:8080/tfs/defaultcollection
		SccLocalPath0 = .
		SccProjectUniqueName1 = Teleopti.Messaging\\Teleopti.Messaging.csproj
		SccProjectName1 = Teleopti.Messaging
		SccLocalPath1 = Teleopti.Messaging
		SccProjectUniqueName2 = Teleopti.Messaging.Installer\\Teleopti.Messaging.Installer.csproj
		SccProjectName2 = Teleopti.Messaging.Installer
		SccLocalPath2 = Teleopti.Messaging.Installer
		SccProjectUniqueName3 = Teleopti.Messaging.Management\\Teleopti.Messaging.Management.csproj
		SccProjectName3 = Teleopti.Messaging.Management
		SccLocalPath3 = Teleopti.Messaging.Management
		SccProjectUniqueName4 = Teleopti.Messaging.Svc\\Teleopti.Messaging.Svc.csproj
		SccProjectName4 = Teleopti.Messaging.Svc
		SccLocalPath4 = Teleopti.Messaging.Svc
		SccProjectUniqueName5 = Teleopti.Messaging.Tests\\Teleopti.Messaging.Tests.csproj
		SccProjectName5 = Teleopti.Messaging.Tests
		SccLocalPath5 = Teleopti.Messaging.Tests
		SccProjectUniqueName6 = Teleopti.Messaging.Chat\\Teleopti.Messaging.Chat.csproj
		SccProjectName6 = Teleopti.Messaging.Chat
		SccLocalPath6 = Teleopti.Messaging.Chat
		SccProjectUniqueName7 = Teleopti.Caching\\Teleopti.Caching.csproj
		SccProjectName7 = Teleopti.Caching
		SccLocalPath7 = Teleopti.Caching
		SccProjectUniqueName8 = Teleopti.Logging\\Teleopti.Logging.csproj
		SccProjectName8 = Teleopti.Logging
		SccLocalPath8 = Teleopti.Logging
		SccProjectUniqueName9 = Teleopti.Core\\Teleopti.Core.csproj
		SccProjectName9 = Teleopti.Core
		SccLocalPath9 = Teleopti.Core
		SccProjectUniqueName10 = Teleopti.Interfaces\\Teleopti.Interfaces.csproj
		SccProjectName10 = Teleopti.Interfaces
		SccLocalPath10 = Teleopti.Interfaces
	EndGlobalSection
	GlobalSection(SolutionConfigurationPlatforms) = preSolution
		Debug|Any CPU = Debug|Any CPU
		Release|Any CPU = Release|Any CPU
	EndGlobalSection
	GlobalSection(ProjectConfigurationPlatforms) = postSolution
		{4F4DF171-4A56-4E0D-90CB-CB2AFDEA4411}.Debug|Any CPU.ActiveCfg = Debug|Any CPU
		{4F4DF171-4A56-4E0D-90CB-CB2AFDEA4411}.Debug|Any CPU.Build.0 = Debug|Any CPU
		{4F4DF171-4A56-4E0D-90CB-CB2AFDEA4411}.Release|Any CPU.ActiveCfg = Release|Any CPU
		{4F4DF171-4A56-4E0D-90CB-CB2AFDEA4411}.Release|Any CPU.Build.0 = Release|Any CPU
		{8ED53285-3B92-4BD9-8F05-F793A6F44006}.Debug|Any CPU.ActiveCfg = Debug|Any CPU
		{8ED53285-3B92-4BD9-8F05-F793A6F44006}.Debug|Any CPU.Build.0 = Debug|Any CPU
		{8ED53285-3B92-4BD9-8F05-F793A6F44006}.Release|Any CPU.ActiveCfg = Release|Any CPU
		{8ED53285-3B92-4BD9-8F05-F793A6F44006}.Release|Any CPU.Build.0 = Release|Any CPU
		{77F53055-9FD8-489E-B697-5525A40519BE}.Debug|Any CPU.ActiveCfg = Debug|Any CPU
		{77F53055-9FD8-489E-B697-5525A40519BE}.Debug|Any CPU.Build.0 = Debug|Any CPU
		{77F53055-9FD8-489E-B697-5525A40519BE}.Release|Any CPU.ActiveCfg = Release|Any CPU
		{77F53055-9FD8-489E-B697-5525A40519BE}.Release|Any CPU.Build.0 = Release|Any CPU
		{1F6DBD1D-EDBF-4E2D-93FF-E34BC0000B87}.Debug|Any CPU.ActiveCfg = Debug|Any CPU
		{1F6DBD1D-EDBF-4E2D-93FF-E34BC0000B87}.Debug|Any CPU.Build.0 = Debug|Any CPU
		{1F6DBD1D-EDBF-4E2D-93FF-E34BC0000B87}.Release|Any CPU.ActiveCfg = Release|Any CPU
		{1F6DBD1D-EDBF-4E2D-93FF-E34BC0000B87}.Release|Any CPU.Build.0 = Release|Any CPU
		{C99A2C75-7342-45EE-BF5F-79A015B81501}.Debug|Any CPU.ActiveCfg = Debug|Any CPU
		{C99A2C75-7342-45EE-BF5F-79A015B81501}.Debug|Any CPU.Build.0 = Debug|Any CPU
		{C99A2C75-7342-45EE-BF5F-79A015B81501}.Release|Any CPU.ActiveCfg = Release|Any CPU
		{C99A2C75-7342-45EE-BF5F-79A015B81501}.Release|Any CPU.Build.0 = Release|Any CPU
		{569FCE88-6D8E-4873-9B32-223AB549C8EE}.Debug|Any CPU.ActiveCfg = Debug|Any CPU
		{569FCE88-6D8E-4873-9B32-223AB549C8EE}.Debug|Any CPU.Build.0 = Debug|Any CPU
		{569FCE88-6D8E-4873-9B32-223AB549C8EE}.Release|Any CPU.ActiveCfg = Release|Any CPU
		{569FCE88-6D8E-4873-9B32-223AB549C8EE}.Release|Any CPU.Build.0 = Release|Any CPU
		{8C14D88C-28C4-4E5E-9A61-3F9660F41DC4}.Debug|Any CPU.ActiveCfg = Debug|Any CPU
		{8C14D88C-28C4-4E5E-9A61-3F9660F41DC4}.Debug|Any CPU.Build.0 = Debug|Any CPU
		{8C14D88C-28C4-4E5E-9A61-3F9660F41DC4}.Release|Any CPU.ActiveCfg = Release|Any CPU
		{8C14D88C-28C4-4E5E-9A61-3F9660F41DC4}.Release|Any CPU.Build.0 = Release|Any CPU
		{CB1C6762-D934-4EC0-9344-E8AA4ABCFAD6}.Debug|Any CPU.ActiveCfg = Debug|Any CPU
		{CB1C6762-D934-4EC0-9344-E8AA4ABCFAD6}.Debug|Any CPU.Build.0 = Debug|Any CPU
		{CB1C6762-D934-4EC0-9344-E8AA4ABCFAD6}.Release|Any CPU.ActiveCfg = Release|Any CPU
		{CB1C6762-D934-4EC0-9344-E8AA4ABCFAD6}.Release|Any CPU.Build.0 = Release|Any CPU
		{7C03979A-6973-4D71-BF6B-27585CC933B5}.Debug|Any CPU.ActiveCfg = Debug|Any CPU
		{7C03979A-6973-4D71-BF6B-27585CC933B5}.Debug|Any CPU.Build.0 = Debug|Any CPU
		{7C03979A-6973-4D71-BF6B-27585CC933B5}.Release|Any CPU.ActiveCfg = Release|Any CPU
		{7C03979A-6973-4D71-BF6B-27585CC933B5}.Release|Any CPU.Build.0 = Release|Any CPU
		{8D2565F2-7C44-45B7-96AD-2CD900E033A1}.Debug|Any CPU.ActiveCfg = Debug|Any CPU
		{8D2565F2-7C44-45B7-96AD-2CD900E033A1}.Debug|Any CPU.Build.0 = Debug|Any CPU
		{8D2565F2-7C44-45B7-96AD-2CD900E033A1}.Release|Any CPU.ActiveCfg = Release|Any CPU
		{8D2565F2-7C44-45B7-96AD-2CD900E033A1}.Release|Any CPU.Build.0 = Release|Any CPU
	EndGlobalSection
	GlobalSection(SolutionProperties) = preSolution
		HideSolutionNode = FALSE
	EndGlobalSection
	GlobalSection(ExtensibilityGlobals) = postSolution
		VisualSVNWorkingCopyRoot = 
	EndGlobalSection
EndGlobal
